dependencies:
- name: libantobank-common
  repository: file://../../libantobank-common
  version: 0.1.0
- name: zipkin
  repository: file://../../libantobank-services/zipkin
  version: 0.1.0
- name: configserver
  repository: file://../../libantobank-services/configserver
  version: 0.1.0
- name: eurekaserver
  repository: file://../../libantobank-services/eurekaserver
  version: 0.1.0
- name: accounts
  repository: file://../../libantobank-services/accounts
  version: 0.1.0
- name: cards
  repository: file://../../libantobank-services/cards
  version: 0.1.0
- name: loans
  repository: file://../../libantobank-services/loans
  version: 0.1.0
- name: gatewayserver
  repository: file://../../libantobank-services/gatewayserver
  version: 0.1.0
digest: sha256:6fef6f8955f5518da54a3a57c01e5928f37282f02ce615346f18595ef0408959
generated: "2023-02-09T23:38:43.5116593+05:30"
